
Microsoft Visual Studio Solution File, Format Version 12.00
# Visual Studio Version 17
VisualStudioVersion = 17.11.35222.181
MinimumVisualStudioVersion = 10.0.40219.1
Project("{FAE04EC0-301F-11D3-BF4B-00C04F79EFBC}") = "Examen-Individual-Salinas", "Examen-Individual-Salinas.csproj", "{06B6AA8A-C13A-4EA2-8A04-13A396AD3C29}"
EndProject
Global
	GlobalSection(SolutionConfigurationPlatforms) = preSolution
		Debug|Any CPU = Debug|Any CPU
		Release|Any CPU = Release|Any CPU
	EndGlobalSection
	GlobalSection(ProjectConfigurationPlatforms) = postSolution
		{06B6AA8A-C13A-4EA2-8A04-13A396AD3C29}.Debug|Any CPU.ActiveCfg = Debug|Any CPU
		{06B6AA8A-C13A-4EA2-8A04-13A396AD3C29}.Debug|Any CPU.Build.0 = Debug|Any CPU
		{06B6AA8A-C13A-4EA2-8A04-13A396AD3C29}.Release|Any CPU.ActiveCfg = Release|Any CPU
		{06B6AA8A-C13A-4EA2-8A04-13A396AD3C29}.Release|Any CPU.Build.0 = Release|Any CPU
	EndGlobalSection
	GlobalSection(SolutionProperties) = preSolution
		HideSolutionNode = FALSE
	EndGlobalSection
	GlobalSection(ExtensibilityGlobals) = postSolution
		SolutionGuid = {5E046E06-E702-49E6-8E35-233274D23B07}
	EndGlobalSection
EndGlobal
